
Microsoft Visual Studio Solution File, Format Version 12.00
# Visual Studio Version 16
VisualStudioVersion = 16.0.30406.217
MinimumVisualStudioVersion = 10.0.40219.1
Project("{FAE04EC0-301F-11D3-BF4B-00C04F79EFBC}") = "MagicalDiamondGame", "MagicalDiamondGame.csproj", "{AEAB522F-452F-4922-894D-74B687143ACA}"
EndProject
Global
	GlobalSection(SolutionConfigurationPlatforms) = preSolution
		Debug|Any CPU = Debug|Any CPU
		Release|Any CPU = Release|Any CPU
	EndGlobalSection
	GlobalSection(ProjectConfigurationPlatforms) = postSolution
		{AEAB522F-452F-4922-894D-74B687143ACA}.Debug|Any CPU.ActiveCfg = Debug|Any CPU
		{AEAB522F-452F-4922-894D-74B687143ACA}.Debug|Any CPU.Build.0 = Debug|Any CPU
		{AEAB522F-452F-4922-894D-74B687143ACA}.Release|Any CPU.ActiveCfg = Release|Any CPU
		{AEAB522F-452F-4922-894D-74B687143ACA}.Release|Any CPU.Build.0 = Release|Any CPU
	EndGlobalSection
	GlobalSection(SolutionProperties) = preSolution
		HideSolutionNode = FALSE
	EndGlobalSection
	GlobalSection(ExtensibilityGlobals) = postSolution
		SolutionGuid = {8E142B3D-6BE8-46B0-9CB4-434672AA6F44}
	EndGlobalSection
EndGlobal
